
Microsoft Visual Studio Solution File, Format Version 12.00
# Visual Studio Version 16
VisualStudioVersion = 16.0.31410.357
MinimumVisualStudioVersion = 10.0.40219.1
Project("{2150E333-8FDC-42A3-9474-1A3956D46DE8}") = "Services", "Services", "{BAA3DB42-0ACC-4665-BE7A-3B738E3A2667}"
EndProject
Project("{2150E333-8FDC-42A3-9474-1A3956D46DE8}") = "Catalog", "Catalog", "{B5C69A83-1587-4AD1-A1A8-AEC0A56F6D1E}"
EndProject
Project("{9A19103F-16F7-4668-BE54-9A1E7A4F7556}") = "Hb.Catalog", "Services\Catalog\Hb.Catalog\Hb.Catalog.csproj", "{B642AA19-93A8-432A-93A0-0DF5C1A73440}"
EndProject
Project("{2150E333-8FDC-42A3-9474-1A3956D46DE8}") = "ApiGateway", "ApiGateway", "{C2BECAAC-1872-41EF-BC02-78955DECA874}"
EndProject
Project("{2150E333-8FDC-42A3-9474-1A3956D46DE8}") = "WebApp", "WebApp", "{94BE76E9-E6E8-4E61-8CDD-DBAD6814205B}"
EndProject
Project("{2150E333-8FDC-42A3-9474-1A3956D46DE8}") = "Common", "Common", "{12B763D6-6BC0-41F4-A84A-D62CD955ED11}"
EndProject
Project("{E53339B2-1760-4266-BCC7-CA923CBCF16C}") = "docker-compose", "docker-compose.dcproj", "{CA416780-A279-487B-A4A0-B63A6DF34A26}"
EndProject
Project("{FAE04EC0-301F-11D3-BF4B-00C04F79EFBC}") = "Hb.Domain", "Services\Catalog\Hb.Domain\Hb.Domain.csproj", "{0C0629C3-4393-4A01-8ABF-1B6DEC58E31B}"
EndProject
Project("{FAE04EC0-301F-11D3-BF4B-00C04F79EFBC}") = "Hb.Application", "Services\Catalog\Hb.Application\Hb.Application.csproj", "{4E36F474-9C5D-4EC0-B2B7-55047BC5810D}"
EndProject
Global
	GlobalSection(SolutionConfigurationPlatforms) = preSolution
		Debug|Any CPU = Debug|Any CPU
		Release|Any CPU = Release|Any CPU
	EndGlobalSection
	GlobalSection(ProjectConfigurationPlatforms) = postSolution
		{B642AA19-93A8-432A-93A0-0DF5C1A73440}.Debug|Any CPU.ActiveCfg = Debug|Any CPU
		{B642AA19-93A8-432A-93A0-0DF5C1A73440}.Debug|Any CPU.Build.0 = Debug|Any CPU
		{B642AA19-93A8-432A-93A0-0DF5C1A73440}.Release|Any CPU.ActiveCfg = Release|Any CPU
		{B642AA19-93A8-432A-93A0-0DF5C1A73440}.Release|Any CPU.Build.0 = Release|Any CPU
		{CA416780-A279-487B-A4A0-B63A6DF34A26}.Debug|Any CPU.ActiveCfg = Debug|Any CPU
		{CA416780-A279-487B-A4A0-B63A6DF34A26}.Debug|Any CPU.Build.0 = Debug|Any CPU
		{CA416780-A279-487B-A4A0-B63A6DF34A26}.Release|Any CPU.ActiveCfg = Release|Any CPU
		{CA416780-A279-487B-A4A0-B63A6DF34A26}.Release|Any CPU.Build.0 = Release|Any CPU
		{0C0629C3-4393-4A01-8ABF-1B6DEC58E31B}.Debug|Any CPU.ActiveCfg = Debug|Any CPU
		{0C0629C3-4393-4A01-8ABF-1B6DEC58E31B}.Debug|Any CPU.Build.0 = Debug|Any CPU
		{0C0629C3-4393-4A01-8ABF-1B6DEC58E31B}.Release|Any CPU.ActiveCfg = Release|Any CPU
		{0C0629C3-4393-4A01-8ABF-1B6DEC58E31B}.Release|Any CPU.Build.0 = Release|Any CPU
		{4E36F474-9C5D-4EC0-B2B7-55047BC5810D}.Debug|Any CPU.ActiveCfg = Debug|Any CPU
		{4E36F474-9C5D-4EC0-B2B7-55047BC5810D}.Debug|Any CPU.Build.0 = Debug|Any CPU
		{4E36F474-9C5D-4EC0-B2B7-55047BC5810D}.Release|Any CPU.ActiveCfg = Release|Any CPU
		{4E36F474-9C5D-4EC0-B2B7-55047BC5810D}.Release|Any CPU.Build.0 = Release|Any CPU
	EndGlobalSection
	GlobalSection(SolutionProperties) = preSolution
		HideSolutionNode = FALSE
	EndGlobalSection
	GlobalSection(NestedProjects) = preSolution
		{B5C69A83-1587-4AD1-A1A8-AEC0A56F6D1E} = {BAA3DB42-0ACC-4665-BE7A-3B738E3A2667}
		{B642AA19-93A8-432A-93A0-0DF5C1A73440} = {B5C69A83-1587-4AD1-A1A8-AEC0A56F6D1E}
		{12B763D6-6BC0-41F4-A84A-D62CD955ED11} = {BAA3DB42-0ACC-4665-BE7A-3B738E3A2667}
		{0C0629C3-4393-4A01-8ABF-1B6DEC58E31B} = {B5C69A83-1587-4AD1-A1A8-AEC0A56F6D1E}
		{4E36F474-9C5D-4EC0-B2B7-55047BC5810D} = {B5C69A83-1587-4AD1-A1A8-AEC0A56F6D1E}
	EndGlobalSection
	GlobalSection(ExtensibilityGlobals) = postSolution
		SolutionGuid = {3A8487FB-D782-4B16-BF71-D4A8E232B785}
	EndGlobalSection
EndGlobal
